PODS:
  - DolyameSDK (2.1.0)
  - SnapKit (5.7.1)

DEPENDENCIES:
  - DolyameSDK (from `../`)
  - SnapKit

SPEC REPOS:
  https://nexus.tcsbank.ru/repository/raw-cocoapods/:
    - SnapKit

EXTERNAL SOURCES:
  DolyameSDK:
    :path: "../"

SPEC CHECKSUMS:
  DolyameSDK: 9f8a57045ecc433b6fec24ed38c85759fb442697
  SnapKit: d612e99e678a2d3b95bf60b0705ed0a35c03484a

PODFILE CHECKSUM: a58c2d7359d38015abff5a8a2132e7ec4c8e7a57

COCOAPODS: 1.14.3
